{
  "nodes": {
    "flake-utils": {
      "inputs": {
        "systems": "systems"
      },
      "locked": {
        "lastModified": 1726560853,
        "narHash": "sha256-X6rJYSESBVr3hBoH0WbKE5KvhPU5bloyZ2L4K60/fPQ=",
        "owner": "numtide",
        "repo": "flake-utils",
        "rev": "c1dfcf08411b08f6b8615f7d8971a2bfa81d5e8a",
        "type": "github"
      },
      "original": {
        "owner": "numtide",
        "repo": "flake-utils",
        "type": "github"
      }
    },
    "naersk": {
      "inputs": {
        "nixpkgs": "nixpkgs"
      },
      "locked": {
        "lastModified": 1721727458,
        "narHash": "sha256-r/xppY958gmZ4oTfLiHN0ZGuQ+RSTijDblVgVLFi1mw=",
        "owner": "nix-community",
        "repo": "naersk",
        "rev": "3fb418eaf352498f6b6c30592e3beb63df42ef11",
        "type": "github"
      },
      "original": {
        "owner": "nix-community",
        "repo": "naersk",
        "type": "github"
      }
    },
    "nixpkgs": {
      "locked": {
        "lastModified": 1729265718,
        "narHash": "sha256-4HQI+6LsO3kpWTYuVGIzhJs1cetFcwT7quWCk/6rqeo=",
        "owner": "NixOS",
        "repo": "nixpkgs",
        "rev": "ccc0c2126893dd20963580b6478d1a10a4512185",
        "type": "github"
      },
      "original": {
        "id": "nixpkgs",
        "type": "indirect"
      }
    },
    "nixpkgs17": {
      "locked": {
        "lastModified": 1720494119,
        "narHash": "sha256-IE7PZn9bSjxI4/MugjAEx49oPoxu0uKXdfC+X7HcRuQ=",
        "owner": "NixOS",
        "repo": "nixpkgs",
        "rev": "05bbf675397d5366259409139039af8077d695ce",
        "type": "github"
      },
      "original": {
        "owner": "NixOS",
        "repo": "nixpkgs",
        "rev": "05bbf675397d5366259409139039af8077d695ce",
        "type": "github"
      }
    },
    "nixpkgs18": {
      "locked": {
        "lastModified": 1668462796,
        "narHash": "sha256-MdQVi7GvWqTY5vldTC+HDNm6sEKl89MBbesudjwEkgo=",
        "owner": "NixOS",
        "repo": "nixpkgs",
        "rev": "b3a285628a6928f62cdf4d09f4e656f7ecbbcafb",
        "type": "github"
      },
      "original": {
        "owner": "NixOS",
        "repo": "nixpkgs",
        "rev": "b3a285628a6928f62cdf4d09f4e656f7ecbbcafb",
        "type": "github"
      }
    },
    "nixpkgs19": {
      "locked": {
        "lastModified": 1720494119,
        "narHash": "sha256-IE7PZn9bSjxI4/MugjAEx49oPoxu0uKXdfC+X7HcRuQ=",
        "owner": "NixOS",
        "repo": "nixpkgs",
        "rev": "05bbf675397d5366259409139039af8077d695ce",
        "type": "github"
      },
      "original": {
        "owner": "NixOS",
        "repo": "nixpkgs",
        "rev": "05bbf675397d5366259409139039af8077d695ce",
        "type": "github"
      }
    },
    "nixpkgs20": {
      "locked": {
        "lastModified": 1720494119,
        "narHash": "sha256-IE7PZn9bSjxI4/MugjAEx49oPoxu0uKXdfC+X7HcRuQ=",
        "owner": "NixOS",
        "repo": "nixpkgs",
        "rev": "05bbf675397d5366259409139039af8077d695ce",
        "type": "github"
      },
      "original": {
        "owner": "NixOS",
        "repo": "nixpkgs",
        "rev": "05bbf675397d5366259409139039af8077d695ce",
        "type": "github"
      }
    },
    "nixpkgs21": {
      "locked": {
        "lastModified": 1720494119,
        "narHash": "sha256-IE7PZn9bSjxI4/MugjAEx49oPoxu0uKXdfC+X7HcRuQ=",
        "owner": "NixOS",
        "repo": "nixpkgs",
        "rev": "05bbf675397d5366259409139039af8077d695ce",
        "type": "github"
      },
      "original": {
        "owner": "NixOS",
        "repo": "nixpkgs",
        "rev": "05bbf675397d5366259409139039af8077d695ce",
        "type": "github"
      }
    },
    "nixpkgs22": {
      "locked": {
        "lastModified": 1720494119,
        "narHash": "sha256-IE7PZn9bSjxI4/MugjAEx49oPoxu0uKXdfC+X7HcRuQ=",
        "owner": "NixOS",
        "repo": "nixpkgs",
        "rev": "05bbf675397d5366259409139039af8077d695ce",
        "type": "github"
      },
      "original": {
        "owner": "NixOS",
        "repo": "nixpkgs",
        "rev": "05bbf675397d5366259409139039af8077d695ce",
        "type": "github"
      }
    },
    "nixpkgs_2": {
      "locked": {
        "lastModified": 1729265718,
        "narHash": "sha256-4HQI+6LsO3kpWTYuVGIzhJs1cetFcwT7quWCk/6rqeo=",
        "owner": "NixOS",
        "repo": "nixpkgs",
        "rev": "ccc0c2126893dd20963580b6478d1a10a4512185",
        "type": "github"
      },
      "original": {
        "owner": "NixOS",
        "ref": "nixpkgs-unstable",
        "repo": "nixpkgs",
        "type": "github"
      }
    },
    "root": {
      "inputs": {
        "flake-utils": "flake-utils",
        "naersk": "naersk",
        "nixpkgs": "nixpkgs_2",
        "nixpkgs17": "nixpkgs17",
        "nixpkgs18": "nixpkgs18",
        "nixpkgs19": "nixpkgs19",
        "nixpkgs20": "nixpkgs20",
        "nixpkgs21": "nixpkgs21",
        "nixpkgs22": "nixpkgs22"
      }
    },
    "systems": {
      "locked": {
        "lastModified": 1681028828,
        "narHash": "sha256-Vy1rq5AaRuLzOxct8nz4T6wlgyUR7zLU309k9mBC768=",
        "owner": "nix-systems",
        "repo": "default",
        "rev": "da67096a3b9bf56a91d16901293e51ba5b49a27e",
        "type": "github"
      },
      "original": {
        "owner": "nix-systems",
        "repo": "default",
        "type": "github"
      }
    }
  },
  "root": "root",
  "version": 7
}
